
Microsoft Visual Studio Solution File, Format Version 12.00
# Visual Studio Version 17
VisualStudioVersion = 17.5.33424.131
MinimumVisualStudioVersion = 10.0.40219.1
Project("{FAE04EC0-301F-11D3-BF4B-00C04F79EFBC}") = "JaizRiskRegister", "JaizRiskRegister\JaizRiskRegister.csproj", "{A1E259C2-87AA-4815-BA3B-19D12C2B73BD}"
EndProject
Global
	GlobalSection(SolutionConfigurationPlatforms) = preSolution
		Debug|Any CPU = Debug|Any CPU
		Release|Any CPU = Release|Any CPU
	EndGlobalSection
	GlobalSection(ProjectConfigurationPlatforms) = postSolution
		{A1E259C2-87AA-4815-BA3B-19D12C2B73BD}.Debug|Any CPU.ActiveCfg = Debug|Any CPU
		{A1E259C2-87AA-4815-BA3B-19D12C2B73BD}.Debug|Any CPU.Build.0 = Debug|Any CPU
		{A1E259C2-87AA-4815-BA3B-19D12C2B73BD}.Release|Any CPU.ActiveCfg = Release|Any CPU
		{A1E259C2-87AA-4815-BA3B-19D12C2B73BD}.Release|Any CPU.Build.0 = Release|Any CPU
	EndGlobalSection
	GlobalSection(SolutionProperties) = preSolution
		HideSolutionNode = FALSE
	EndGlobalSection
	GlobalSection(ExtensibilityGlobals) = postSolution
		SolutionGuid = {5CF86C06-863D-49E8-A6DF-2E82B94C485C}
	EndGlobalSection
EndGlobal
